PODS:
  - Alamofire (5.10.2)
  - CircleBar (0.8.2)
  - CollectionViewPagingLayout (1.1.0)
  - GameCore (0.1):
    - ZIPFoundation
  - GBAGameCore (0.1):
    - GameCore
  - Kingfisher (5.15.8):
    - Kingfisher/Core (= 5.15.8)
  - Kingfisher/Core (5.15.8)
  - lottie-ios (4.5.2)
  - MelonDSGameCore (0.1):
    - GameCore
  - N64GameCore (0.1):
    - GameCore
    - N64GameCore/RSP (= 0.1)
    - N64GameCore/Video (= 0.1)
  - N64GameCore/RSP (0.1):
    - GameCore
  - N64GameCore/Video (0.1):
    - GameCore
  - NESGameCore (0.2):
    - GameCore
  - ReachabilitySwift (5.2.4)
  - Roxas (0.1)
  - SDWebImage (3.8.3):
    - SDWebImage/Core (= 3.8.3)
  - SDWebImage/Core (3.8.3)
  - SkyFloatingLabelTextField (4.0.0)
  - SMCalloutView (2.1.5)
  - SNESGameCore (0.1):
    - GameCore
  - SQLite.swift (0.12.2):
    - SQLite.swift/standard (= 0.12.2)
  - SQLite.swift/standard (0.12.2)
  - ZIPFoundation (0.9.19)

DEPENDENCIES:
  - Alamofire
  - CircleBar (from `https://github.com/DomenicoGonnelli/CircleBar.git`, branch `General`)
  - CollectionViewPagingLayout
  - GameCore (from `Cores/GameCore`)
  - GBAGameCore (from `Cores/GBAGameCore`)
  - Kingfisher (~> 5.15.7)
  - lottie-ios
  - MelonDSGameCore (from `Cores/MelonDSGameCore`)
  - N64GameCore (from `Cores/N64GameCore`)
  - NESGameCore (from `Cores/NESGameCore`)
  - ReachabilitySwift
  - Roxas (from `External/Roxas`)
  - SDWebImage (~> 3.8)
  - SkyFloatingLabelTextField
  - SMCalloutView (~> 2.1.0)
  - SNESGameCore (from `Cores/SNESGameCore`)
  - SQLite.swift (~> 0.12.0)

SPEC REPOS:
  trunk:
    - Alamofire
    - CollectionViewPagingLayout
    - Kingfisher
    - lottie-ios
    - ReachabilitySwift
    - SDWebImage
    - SkyFloatingLabelTextField
    - SMCalloutView
    - SQLite.swift
    - ZIPFoundation

EXTERNAL SOURCES:
  CircleBar:
    :branch: General
    :git: https://github.com/DomenicoGonnelli/CircleBar.git
  GameCore:
    :path: Cores/GameCore
  GBAGameCore:
    :path: Cores/GBAGameCore
  MelonDSGameCore:
    :path: Cores/MelonDSGameCore
  N64GameCore:
    :path: Cores/N64GameCore
  NESGameCore:
    :path: Cores/NESGameCore
  Roxas:
    :path: External/Roxas
  SNESGameCore:
    :path: Cores/SNESGameCore

CHECKOUT OPTIONS:
  CircleBar:
    :commit: 6a6100b877d7cf3f8fdd97e3c5a20e739f48a804
    :git: https://github.com/DomenicoGonnelli/CircleBar.git

SPEC CHECKSUMS:
  Alamofire: 7193b3b92c74a07f85569e1a6c4f4237291e7496
  CircleBar: 5b882eb3870de5bbda42bef1b2ec6c5c533497db
  CollectionViewPagingLayout: 2f8d50683bae57ca88f47fa4ab0195c9079582cf
  GameCore: 3e0f663d0e3d59c9e84786546912a204dc1b97a4
  GBAGameCore: dcbb38956fe04f084fa9f13bcabd9e549a8402b6
  Kingfisher: a3c03d702433fa6cfedabb2bddbe076fb8f2e902
  lottie-ios: 96784afc26ea031d3e2b6cae342a4b8915072489
  MelonDSGameCore: 877b63dc18cec075c9b25adbe0e8add69d5251a1
  N64GameCore: f1047ea75f06ab31831adc7c651de84314f10282
  NESGameCore: 5dba3646fc6bd51218c0d9e134c80162dd2d06ff
  ReachabilitySwift: 32793e867593cfc1177f5d16491e3a197d2fccda
  Roxas: 1990039f843f5dc284918dc82375feb80020ef62
  SDWebImage: a72e880a8fe0f7fc31efe15aaed443c074d2a80c
  SkyFloatingLabelTextField: 79ddc40e4ad59707fedbb48d605417aee48bb78a
  SMCalloutView: 5c0ee363dc8e7204b2fda17dfad38c93e9e23481
  SNESGameCore: e5a0a95c8032d5552f01007ed1ae9e7c2c026351
  SQLite.swift: d2b4642190917051ce6bd1d49aab565fe794eea3
  ZIPFoundation: b8c29ea7ae353b309bc810586181fd073cb3312c

PODFILE CHECKSUM: a187e7097aeb995a0be384b868e32fa2b1174299

COCOAPODS: 1.16.2
